// !$*UTF8*$!
{
	archiveVersion = 1;
	classes = {
	};
	objectVersion = 51;
	objects = {

/* Begin PBXBuildFile section */
		1A020E0A24E5CAA30091AE2D /* BookmarkCollectionViewCell.swift in Sources */ = {isa = PBXBuildFile; fileRef = 1A020E0924E5CAA30091AE2D /* BookmarkCollectionViewCell.swift */; };
		1A1CD04224C417AB0012D13F /* Sources.swift in Sources */ = {isa = PBXBuildFile; fileRef = 1A1CD04124C417AB0012D13F /* Sources.swift */; };
		1A244A2624A4F7960091518D /* AppDelegate.swift in Sources */ = {isa = PBXBuildFile; fileRef = 1A244A2524A4F7960091518D /* AppDelegate.swift */; };
		1A244A2824A4F7960091518D /* SceneDelegate.swift in Sources */ = {isa = PBXBuildFile; fileRef = 1A244A2724A4F7960091518D /* SceneDelegate.swift */; };
		1A244A2F24A4F7970091518D /* Assets.xcassets in Resources */ = {isa = PBXBuildFile; fileRef = 1A244A2E24A4F7970091518D /* Assets.xcassets */; };
		1A244A3224A4F7970091518D /* LaunchScreen.storyboard in Resources */ = {isa = PBXBuildFile; fileRef = 1A244A3024A4F7970091518D /* LaunchScreen.storyboard */; };
		1A244A3D24A4F7970091518D /* NewstackTests.swift in Sources */ = {isa = PBXBuildFile; fileRef = 1A244A3C24A4F7970091518D /* NewstackTests.swift */; };
		1A244A4824A4F7970091518D /* NewstackUITests.swift in Sources */ = {isa = PBXBuildFile; fileRef = 1A244A4724A4F7970091518D /* NewstackUITests.swift */; };
		1A244A5A24A4F8800091518D /* HomeViewController.swift in Sources */ = {isa = PBXBuildFile; fileRef = 1A244A5924A4F8800091518D /* HomeViewController.swift */; };
		1A244A5E24A4F8AA0091518D /* BookmarkViewController.swift in Sources */ = {isa = PBXBuildFile; fileRef = 1A244A5D24A4F8AA0091518D /* BookmarkViewController.swift */; };
		1A244A6124A4F8C00091518D /* SettingsViewController.swift in Sources */ = {isa = PBXBuildFile; fileRef = 1A244A6024A4F8C00091518D /* SettingsViewController.swift */; };
		1A29EBD324E890B1002D3CB3 /* GoogleService-Info.plist in Resources */ = {isa = PBXBuildFile; fileRef = 1A29EBD224E890B1002D3CB3 /* GoogleService-Info.plist */; };
		1A29EBD524E890ED002D3CB3 /* SignUpViewController.swift in Sources */ = {isa = PBXBuildFile; fileRef = 1A29EBD424E890ED002D3CB3 /* SignUpViewController.swift */; };
		1A2E0D6B24C00F0300212BF1 /* SearchResultTableViewCell.swift in Sources */ = {isa = PBXBuildFile; fileRef = 1A2E0D6A24C00F0300212BF1 /* SearchResultTableViewCell.swift */; };
		1A3708F624BAB6BD0047419B /* EverythingCollectionViewCell.swift in Sources */ = {isa = PBXBuildFile; fileRef = 1A3708F524BAB6BD0047419B /* EverythingCollectionViewCell.swift */; };
		1A3708F924BAB7A60047419B /* SearchViewController.swift in Sources */ = {isa = PBXBuildFile; fileRef = 1A3708F824BAB7A60047419B /* SearchViewController.swift */; };
		1A5337BE24C8BE7200EEF1A5 /* Alert.swift in Sources */ = {isa = PBXBuildFile; fileRef = 1A5337BD24C8BE7200EEF1A5 /* Alert.swift */; };
		1A5337C124C9523000EEF1A5 /* User.swift in Sources */ = {isa = PBXBuildFile; fileRef = 1A5337C024C9523000EEF1A5 /* User.swift */; };
		1A5AC9CB24A505E30030A43A /* HeadlineCollectionViewCell.swift in Sources */ = {isa = PBXBuildFile; fileRef = 1A5AC9CA24A505E30030A43A /* HeadlineCollectionViewCell.swift */; };
		1A5AC9D324A506A50030A43A /* UILabel+Style.swift in Sources */ = {isa = PBXBuildFile; fileRef = 1A5AC9D224A506A50030A43A /* UILabel+Style.swift */; };
		1A5AC9D624A506EA0030A43A /* ArticleDetailViewController.swift in Sources */ = {isa = PBXBuildFile; fileRef = 1A5AC9D524A506EA0030A43A /* ArticleDetailViewController.swift */; };
		1A5AC9D824A507190030A43A /* UIButton+Style.swift in Sources */ = {isa = PBXBuildFile; fileRef = 1A5AC9D724A507190030A43A /* UIButton+Style.swift */; };
		1A64E6D324C5430900DF2B97 /* Extensions.swift in Sources */ = {isa = PBXBuildFile; fileRef = 1A64E6D224C5430900DF2B97 /* Extensions.swift */; };
		1A6EE32624C7F64A006E01AB /* Shiftable.swift in Sources */ = {isa = PBXBuildFile; fileRef = 1A6EE32524C7F64A006E01AB /* Shiftable.swift */; };
		1A865F6C24B379AC004B547C /* Article.swift in Sources */ = {isa = PBXBuildFile; fileRef = 1A865F6B24B379AC004B547C /* Article.swift */; };
		1A8E44D124B2E0DF003A949B /* NetworkingManager.swift in Sources */ = {isa = PBXBuildFile; fileRef = 1A8E44D024B2E0DF003A949B /* NetworkingManager.swift */; };
		1A9AC9CF24C80C12005583FB /* TabbarViewController.swift in Sources */ = {isa = PBXBuildFile; fileRef = 1A9AC9CE24C80C12005583FB /* TabbarViewController.swift */; };
		1ADC857124BAC52B008251C2 /* UIStackView+Style.swift in Sources */ = {isa = PBXBuildFile; fileRef = 1ADC857024BAC52B008251C2 /* UIStackView+Style.swift */; };
		1AED395A24C6B6B6004859A9 /* OnboardingViewController.swift in Sources */ = {isa = PBXBuildFile; fileRef = 1AED395924C6B6B6004859A9 /* OnboardingViewController.swift */; };
		4ECEE99707FC6C6249966ECB /* Pods_Newstack_NewstackUITests.framework in Frameworks */ = {isa = PBXBuildFile; fileRef = 238A570AE335A9A6CE378F20 /* Pods_Newstack_NewstackUITests.framework */; };
		502ACD54490390737E311E9A /* Pods_NewstackTests.framework in Frameworks */ = {isa = PBXBuildFile; fileRef = 4C3A8897D4FF4BB99E125AD2 /* Pods_NewstackTests.framework */; };
		5DD729D024CCBF800012FBDA /* LoginViewController.swift in Sources */ = {isa = PBXBuildFile; fileRef = 5DD729CF24CCBF800012FBDA /* LoginViewController.swift */; };
		F1598DC4742AA35489339650 /* Pods_Newstack.framework in Frameworks */ = {isa = PBXBuildFile; fileRef = D48E7BB77F30E017AA1994A8 /* Pods_Newstack.framework */; };
/* End PBXBuildFile section */

/* Begin PBXContainerItemProxy section */
		1A244A3924A4F7970091518D /* PBXContainerItemProxy */ = {
			isa = PBXContainerItemProxy;
			containerPortal = 1A244A1A24A4F7960091518D /* Project object */;
			proxyType = 1;
			remoteGlobalIDString = 1A244A2124A4F7960091518D;
			remoteInfo = Newstack;
		};
		1A244A4424A4F7970091518D /* PBXContainerItemProxy */ = {
			isa = PBXContainerItemProxy;
			containerPortal = 1A244A1A24A4F7960091518D /* Project object */;
			proxyType = 1;
			remoteGlobalIDString = 1A244A2124A4F7960091518D;
			remoteInfo = Newstack;
		};
/* End PBXContainerItemProxy section */

/* Begin PBXFileReference section */
		011D0094905E39175E525016 /* Pods-Newstack.release.xcconfig */ = {isa = PBXFileReference; includeInIndex = 1; lastKnownFileType = text.xcconfig; name = "Pods-Newstack.release.xcconfig"; path = "Target Support Files/Pods-Newstack/Pods-Newstack.release.xcconfig"; sourceTree = "<group>"; };
		04D2BCC3D11055254B530B0C /* Pods-NewstackTests.release.xcconfig */ = {isa = PBXFileReference; includeInIndex = 1; lastKnownFileType = text.xcconfig; name = "Pods-NewstackTests.release.xcconfig"; path = "Target Support Files/Pods-NewstackTests/Pods-NewstackTests.release.xcconfig"; sourceTree = "<group>"; };
		1A020E0924E5CAA30091AE2D /* BookmarkCollectionViewCell.swift */ = {isa = PBXFileReference; lastKnownFileType = sourcecode.swift; path = BookmarkCollectionViewCell.swift; sourceTree = "<group>"; };
		1A1CD04124C417AB0012D13F /* Sources.swift */ = {isa = PBXFileReference; lastKnownFileType = sourcecode.swift; path = Sources.swift; sourceTree = "<group>"; };
		1A244A2224A4F7960091518D /* Newstack.app */ = {isa = PBXFileReference; explicitFileType = wrapper.application; includeInIndex = 0; path = Newstack.app; sourceTree = BUILT_PRODUCTS_DIR; };
		1A244A2524A4F7960091518D /* AppDelegate.swift */ = {isa = PBXFileReference; lastKnownFileType = sourcecode.swift; path = AppDelegate.swift; sourceTree = "<group>"; };
		1A244A2724A4F7960091518D /* SceneDelegate.swift */ = {isa = PBXFileReference; lastKnownFileType = sourcecode.swift; path = SceneDelegate.swift; sourceTree = "<group>"; };
		1A244A2E24A4F7970091518D /* Assets.xcassets */ = {isa = PBXFileReference; lastKnownFileType = folder.assetcatalog; path = Assets.xcassets; sourceTree = "<group>"; };
		1A244A3124A4F7970091518D /* Base */ = {isa = PBXFileReference; lastKnownFileType = file.storyboard; name = Base; path = Base.lproj/LaunchScreen.storyboard; sourceTree = "<group>"; };
		1A244A3324A4F7970091518D /* Info.plist */ = {isa = PBXFileReference; lastKnownFileType = text.plist.xml; path = Info.plist; sourceTree = "<group>"; };
		1A244A3824A4F7970091518D /* NewstackTests.xctest */ = {isa = PBXFileReference; explicitFileType = wrapper.cfbundle; includeInIndex = 0; path = NewstackTests.xctest; sourceTree = BUILT_PRODUCTS_DIR; };
		1A244A3C24A4F7970091518D /* NewstackTests.swift */ = {isa = PBXFileReference; lastKnownFileType = sourcecode.swift; path = NewstackTests.swift; sourceTree = "<group>"; };
		1A244A3E24A4F7970091518D /* Info.plist */ = {isa = PBXFileReference; lastKnownFileType = text.plist.xml; path = Info.plist; sourceTree = "<group>"; };
		1A244A4324A4F7970091518D /* NewstackUITests.xctest */ = {isa = PBXFileReference; explicitFileType = wrapper.cfbundle; includeInIndex = 0; path = NewstackUITests.xctest; sourceTree = BUILT_PRODUCTS_DIR; };
		1A244A4724A4F7970091518D /* NewstackUITests.swift */ = {isa = PBXFileReference; lastKnownFileType = sourcecode.swift; path = NewstackUITests.swift; sourceTree = "<group>"; };
		1A244A4924A4F7970091518D /* Info.plist */ = {isa = PBXFileReference; lastKnownFileType = text.plist.xml; path = Info.plist; sourceTree = "<group>"; };
		1A244A5924A4F8800091518D /* HomeViewController.swift */ = {isa = PBXFileReference; lastKnownFileType = sourcecode.swift; path = HomeViewController.swift; sourceTree = "<group>"; };
		1A244A5D24A4F8AA0091518D /* BookmarkViewController.swift */ = {isa = PBXFileReference; lastKnownFileType = sourcecode.swift; path = BookmarkViewController.swift; sourceTree = "<group>"; };
		1A244A6024A4F8C00091518D /* SettingsViewController.swift */ = {isa = PBXFileReference; lastKnownFileType = sourcecode.swift; path = SettingsViewController.swift; sourceTree = "<group>"; };
		1A29EBD224E890B1002D3CB3 /* GoogleService-Info.plist */ = {isa = PBXFileReference; fileEncoding = 4; lastKnownFileType = text.plist.xml; path = "GoogleService-Info.plist"; sourceTree = "<group>"; };
		1A29EBD424E890ED002D3CB3 /* SignUpViewController.swift */ = {isa = PBXFileReference; lastKnownFileType = sourcecode.swift; path = SignUpViewController.swift; sourceTree = "<group>"; };
		1A2E0D6A24C00F0300212BF1 /* SearchResultTableViewCell.swift */ = {isa = PBXFileReference; lastKnownFileType = sourcecode.swift; path = SearchResultTableViewCell.swift; sourceTree = "<group>"; };
		1A3708F524BAB6BD0047419B /* EverythingCollectionViewCell.swift */ = {isa = PBXFileReference; lastKnownFileType = sourcecode.swift; path = EverythingCollectionViewCell.swift; sourceTree = "<group>"; };
		1A3708F824BAB7A60047419B /* SearchViewController.swift */ = {isa = PBXFileReference; lastKnownFileType = sourcecode.swift; path = SearchViewController.swift; sourceTree = "<group>"; };
		1A5337BD24C8BE7200EEF1A5 /* Alert.swift */ = {isa = PBXFileReference; lastKnownFileType = sourcecode.swift; path = Alert.swift; sourceTree = "<group>"; };
		1A5337BF24C93D3E00EEF1A5 /* Newstack.entitlements */ = {isa = PBXFileReference; lastKnownFileType = text.plist.entitlements; path = Newstack.entitlements; sourceTree = "<group>"; };
		1A5337C024C9523000EEF1A5 /* User.swift */ = {isa = PBXFileReference; lastKnownFileType = sourcecode.swift; path = User.swift; sourceTree = "<group>"; };
		1A5AC9CA24A505E30030A43A /* HeadlineCollectionViewCell.swift */ = {isa = PBXFileReference; lastKnownFileType = sourcecode.swift; path = HeadlineCollectionViewCell.swift; sourceTree = "<group>"; };
		1A5AC9D224A506A50030A43A /* UILabel+Style.swift */ = {isa = PBXFileReference; lastKnownFileType = sourcecode.swift; path = "UILabel+Style.swift"; sourceTree = "<group>"; };
		1A5AC9D524A506EA0030A43A /* ArticleDetailViewController.swift */ = {isa = PBXFileReference; lastKnownFileType = sourcecode.swift; path = ArticleDetailViewController.swift; sourceTree = "<group>"; };
		1A5AC9D724A507190030A43A /* UIButton+Style.swift */ = {isa = PBXFileReference; lastKnownFileType = sourcecode.swift; path = "UIButton+Style.swift"; sourceTree = "<group>"; };
		1A64E6D224C5430900DF2B97 /* Extensions.swift */ = {isa = PBXFileReference; lastKnownFileType = sourcecode.swift; path = Extensions.swift; sourceTree = "<group>"; };
		1A6EE32524C7F64A006E01AB /* Shiftable.swift */ = {isa = PBXFileReference; lastKnownFileType = sourcecode.swift; path = Shiftable.swift; sourceTree = "<group>"; };
		1A865F6B24B379AC004B547C /* Article.swift */ = {isa = PBXFileReference; lastKnownFileType = sourcecode.swift; path = Article.swift; sourceTree = "<group>"; };
		1A8E44D024B2E0DF003A949B /* NetworkingManager.swift */ = {isa = PBXFileReference; lastKnownFileType = sourcecode.swift; path = NetworkingManager.swift; sourceTree = "<group>"; };
		1A9AC9CE24C80C12005583FB /* TabbarViewController.swift */ = {isa = PBXFileReference; lastKnownFileType = sourcecode.swift; path = TabbarViewController.swift; sourceTree = "<group>"; };
		1ADC857024BAC52B008251C2 /* UIStackView+Style.swift */ = {isa = PBXFileReference; lastKnownFileType = sourcecode.swift; path = "UIStackView+Style.swift"; sourceTree = "<group>"; };
		1AED395924C6B6B6004859A9 /* OnboardingViewController.swift */ = {isa = PBXFileReference; lastKnownFileType = sourcecode.swift; path = OnboardingViewController.swift; sourceTree = "<group>"; };
		238A570AE335A9A6CE378F20 /* Pods_Newstack_NewstackUITests.framework */ = {isa = PBXFileReference; explicitFileType = wrapper.framework; includeInIndex = 0; path = Pods_Newstack_NewstackUITests.framework; sourceTree = BUILT_PRODUCTS_DIR; };
		4C3A8897D4FF4BB99E125AD2 /* Pods_NewstackTests.framework */ = {isa = PBXFileReference; explicitFileType = wrapper.framework; includeInIndex = 0; path = Pods_NewstackTests.framework; sourceTree = BUILT_PRODUCTS_DIR; };
		5DD729CF24CCBF800012FBDA /* LoginViewController.swift */ = {isa = PBXFileReference; lastKnownFileType = sourcecode.swift; path = LoginViewController.swift; sourceTree = "<group>"; };
		6DF89812A02993636D242863 /* Pods-Newstack.debug.xcconfig */ = {isa = PBXFileReference; includeInIndex = 1; lastKnownFileType = text.xcconfig; name = "Pods-Newstack.debug.xcconfig"; path = "Target Support Files/Pods-Newstack/Pods-Newstack.debug.xcconfig"; sourceTree = "<group>"; };
		969F2FB80FCB85F081E90A63 /* Pods-Newstack-NewstackUITests.debug.xcconfig */ = {isa = PBXFileReference; includeInIndex = 1; lastKnownFileType = text.xcconfig; name = "Pods-Newstack-NewstackUITests.debug.xcconfig"; path = "Target Support Files/Pods-Newstack-NewstackUITests/Pods-Newstack-NewstackUITests.debug.xcconfig"; sourceTree = "<group>"; };
		A11AA546E893D23F8B255750 /* Pods-NewstackTests.debug.xcconfig */ = {isa = PBXFileReference; includeInIndex = 1; lastKnownFileType = text.xcconfig; name = "Pods-NewstackTests.debug.xcconfig"; path = "Target Support Files/Pods-NewstackTests/Pods-NewstackTests.debug.xcconfig"; sourceTree = "<group>"; };
		D48E7BB77F30E017AA1994A8 /* Pods_Newstack.framework */ = {isa = PBXFileReference; explicitFileType = wrapper.framework; includeInIndex = 0; path = Pods_Newstack.framework; sourceTree = BUILT_PRODUCTS_DIR; };
		FC270CB902C5C0AD4926FC8E /* Pods-Newstack-NewstackUITests.release.xcconfig */ = {isa = PBXFileReference; includeInIndex = 1; lastKnownFileType = text.xcconfig; name = "Pods-Newstack-NewstackUITests.release.xcconfig"; path = "Target Support Files/Pods-Newstack-NewstackUITests/Pods-Newstack-NewstackUITests.release.xcconfig"; sourceTree = "<group>"; };
/* End PBXFileReference section */

/* Begin PBXFrameworksBuildPhase section */
		1A244A1F24A4F7960091518D /* Frameworks */ = {
			isa = PBXFrameworksBuildPhase;
			buildActionMask = 2147483647;
			files = (
				F1598DC4742AA35489339650 /* Pods_Newstack.framework in Frameworks */,
			);
			runOnlyForDeploymentPostprocessing = 0;
		};
		1A244A3524A4F7970091518D /* Frameworks */ = {
			isa = PBXFrameworksBuildPhase;
			buildActionMask = 2147483647;
			files = (
				502ACD54490390737E311E9A /* Pods_NewstackTests.framework in Frameworks */,
			);
			runOnlyForDeploymentPostprocessing = 0;
		};
		1A244A4024A4F7970091518D /* Frameworks */ = {
			isa = PBXFrameworksBuildPhase;
			buildActionMask = 2147483647;
			files = (
				4ECEE99707FC6C6249966ECB /* Pods_Newstack_NewstackUITests.framework in Frameworks */,
			);
			runOnlyForDeploymentPostprocessing = 0;
		};
/* End PBXFrameworksBuildPhase section */

/* Begin PBXGroup section */
		1A244A1924A4F7960091518D = {
			isa = PBXGroup;
			children = (
				1A244A2424A4F7960091518D /* Newstack */,
				1A244A3B24A4F7970091518D /* NewstackTests */,
				1A244A4624A4F7970091518D /* NewstackUITests */,
				1A244A2324A4F7960091518D /* Products */,
				6A2539B0D921089BE96B0B99 /* Pods */,
				347C7B1B6DBB476A362628DA /* Frameworks */,
			);
			sourceTree = "<group>";
		};
		1A244A2324A4F7960091518D /* Products */ = {
			isa = PBXGroup;
			children = (
				1A244A2224A4F7960091518D /* Newstack.app */,
				1A244A3824A4F7970091518D /* NewstackTests.xctest */,
				1A244A4324A4F7970091518D /* NewstackUITests.xctest */,
			);
			name = Products;
			sourceTree = "<group>";
		};
		1A244A2424A4F7960091518D /* Newstack */ = {
			isa = PBXGroup;
			children = (
				1A29EBD224E890B1002D3CB3 /* GoogleService-Info.plist */,
				1A5337BF24C93D3E00EEF1A5 /* Newstack.entitlements */,
				1A64E6D124C542FD00DF2B97 /* Globals */,
				1A244A5724A4F8550091518D /* Models */,
				1A244A5624A4F84D0091518D /* Views */,
				1A244A5824A4F85A0091518D /* Controllers */,
				1A244A5524A4F7E00091518D /* Resources */,
			);
			path = Newstack;
			sourceTree = "<group>";
		};
		1A244A3B24A4F7970091518D /* NewstackTests */ = {
			isa = PBXGroup;
			children = (
				1A244A3C24A4F7970091518D /* NewstackTests.swift */,
				1A244A3E24A4F7970091518D /* Info.plist */,
			);
			path = NewstackTests;
			sourceTree = "<group>";
		};
		1A244A4624A4F7970091518D /* NewstackUITests */ = {
			isa = PBXGroup;
			children = (
				1A244A4724A4F7970091518D /* NewstackUITests.swift */,
				1A244A4924A4F7970091518D /* Info.plist */,
			);
			path = NewstackUITests;
			sourceTree = "<group>";
		};
		1A244A5524A4F7E00091518D /* Resources */ = {
			isa = PBXGroup;
			children = (
				1A244A2524A4F7960091518D /* AppDelegate.swift */,
				1A244A2724A4F7960091518D /* SceneDelegate.swift */,
				1A244A2E24A4F7970091518D /* Assets.xcassets */,
				1A244A3324A4F7970091518D /* Info.plist */,
			);
			path = Resources;
			sourceTree = "<group>";
		};
		1A244A5624A4F84D0091518D /* Views */ = {
			isa = PBXGroup;
			children = (
				1A5AC9D124A506950030A43A /* Styles */,
				1A5A92CD24C02DCF00C3CAA9 /* TableViewCells */,
				1A5AC9C924A505BD0030A43A /* CollectionCells */,
				1A5AC9D924A507DD0030A43A /* Storyboards */,
				1A6EE32524C7F64A006E01AB /* Shiftable.swift */,
			);
			path = Views;
			sourceTree = "<group>";
		};
		1A244A5724A4F8550091518D /* Models */ = {
			isa = PBXGroup;
			children = (
				1A8E44D024B2E0DF003A949B /* NetworkingManager.swift */,
				1A865F6B24B379AC004B547C /* Article.swift */,
				1A1CD04124C417AB0012D13F /* Sources.swift */,
				1A5337C024C9523000EEF1A5 /* User.swift */,
			);
			path = Models;
			sourceTree = "<group>";
		};
		1A244A5824A4F85A0091518D /* Controllers */ = {
			isa = PBXGroup;
			children = (
				1A9AC9CD24C80BF5005583FB /* Tabbar */,
				1AED395824C6B65C004859A9 /* Login_Signup */,
				1A3708F724BAB7930047419B /* Search */,
				1A5AC9D424A506D70030A43A /* ArticleDetail */,
				1A244A5F24A4F8B40091518D /* Settings */,
				1A244A5C24A4F89E0091518D /* Bookmark */,
				1A244A5B24A4F8970091518D /* Home */,
			);
			path = Controllers;
			sourceTree = "<group>";
		};
		1A244A5B24A4F8970091518D /* Home */ = {
			isa = PBXGroup;
			children = (
				1A244A5924A4F8800091518D /* HomeViewController.swift */,
			);
			path = Home;
			sourceTree = "<group>";
		};
		1A244A5C24A4F89E0091518D /* Bookmark */ = {
			isa = PBXGroup;
			children = (
				1A244A5D24A4F8AA0091518D /* BookmarkViewController.swift */,
			);
			path = Bookmark;
			sourceTree = "<group>";
		};
		1A244A5F24A4F8B40091518D /* Settings */ = {
			isa = PBXGroup;
			children = (
				1A244A6024A4F8C00091518D /* SettingsViewController.swift */,
			);
			path = Settings;
			sourceTree = "<group>";
		};
		1A3708F724BAB7930047419B /* Search */ = {
			isa = PBXGroup;
			children = (
				1A3708F824BAB7A60047419B /* SearchViewController.swift */,
			);
			path = Search;
			sourceTree = "<group>";
		};
		1A5A92CD24C02DCF00C3CAA9 /* TableViewCells */ = {
			isa = PBXGroup;
			children = (
				1A2E0D6A24C00F0300212BF1 /* SearchResultTableViewCell.swift */,
			);
			path = TableViewCells;
			sourceTree = "<group>";
		};
		1A5AC9C924A505BD0030A43A /* CollectionCells */ = {
			isa = PBXGroup;
			children = (
				1A5AC9CA24A505E30030A43A /* HeadlineCollectionViewCell.swift */,
				1A3708F524BAB6BD0047419B /* EverythingCollectionViewCell.swift */,
				1A020E0924E5CAA30091AE2D /* BookmarkCollectionViewCell.swift */,
			);
			path = CollectionCells;
			sourceTree = "<group>";
		};
		1A5AC9D124A506950030A43A /* Styles */ = {
			isa = PBXGroup;
			children = (
				1A5AC9D224A506A50030A43A /* UILabel+Style.swift */,
				1A5AC9D724A507190030A43A /* UIButton+Style.swift */,
				1ADC857024BAC52B008251C2 /* UIStackView+Style.swift */,
			);
			path = Styles;
			sourceTree = "<group>";
		};
		1A5AC9D424A506D70030A43A /* ArticleDetail */ = {
			isa = PBXGroup;
			children = (
				1A5AC9D524A506EA0030A43A /* ArticleDetailViewController.swift */,
			);
			path = ArticleDetail;
			sourceTree = "<group>";
		};
		1A5AC9D924A507DD0030A43A /* Storyboards */ = {
			isa = PBXGroup;
			children = (
				1A244A3024A4F7970091518D /* LaunchScreen.storyboard */,
			);
			path = Storyboards;
			sourceTree = "<group>";
		};
		1A64E6D124C542FD00DF2B97 /* Globals */ = {
			isa = PBXGroup;
			children = (
				1A64E6D224C5430900DF2B97 /* Extensions.swift */,
				1A5337BD24C8BE7200EEF1A5 /* Alert.swift */,
			);
			path = Globals;
			sourceTree = "<group>";
		};
		1A9AC9CD24C80BF5005583FB /* Tabbar */ = {
			isa = PBXGroup;
			children = (
				1A9AC9CE24C80C12005583FB /* TabbarViewController.swift */,
			);
			path = Tabbar;
			sourceTree = "<group>";
		};
		1AED395824C6B65C004859A9 /* Login_Signup */ = {
			isa = PBXGroup;
			children = (
				1AED395924C6B6B6004859A9 /* OnboardingViewController.swift */,
				5DD729CF24CCBF800012FBDA /* LoginViewController.swift */,
				1A29EBD424E890ED002D3CB3 /* SignUpViewController.swift */,
			);
			path = Login_Signup;
			sourceTree = "<group>";
		};
		347C7B1B6DBB476A362628DA /* Frameworks */ = {
			isa = PBXGroup;
			children = (
				D48E7BB77F30E017AA1994A8 /* Pods_Newstack.framework */,
				238A570AE335A9A6CE378F20 /* Pods_Newstack_NewstackUITests.framework */,
				4C3A8897D4FF4BB99E125AD2 /* Pods_NewstackTests.framework */,
			);
			name = Frameworks;
			sourceTree = "<group>";
		};
		6A2539B0D921089BE96B0B99 /* Pods */ = {
			isa = PBXGroup;
			children = (
				6DF89812A02993636D242863 /* Pods-Newstack.debug.xcconfig */,
				011D0094905E39175E525016 /* Pods-Newstack.release.xcconfig */,
				969F2FB80FCB85F081E90A63 /* Pods-Newstack-NewstackUITests.debug.xcconfig */,
				FC270CB902C5C0AD4926FC8E /* Pods-Newstack-NewstackUITests.release.xcconfig */,
				A11AA546E893D23F8B255750 /* Pods-NewstackTests.debug.xcconfig */,
				04D2BCC3D11055254B530B0C /* Pods-NewstackTests.release.xcconfig */,
			);
			path = Pods;
			sourceTree = "<group>";
		};
/* End PBXGroup section */

/* Begin PBXNativeTarget section */
		1A244A2124A4F7960091518D /* Newstack */ = {
			isa = PBXNativeTarget;
			buildConfigurationList = 1A244A4C24A4F7970091518D /* Build configuration list for PBXNativeTarget "Newstack" */;
			buildPhases = (
				A4255C76BCD0C737A121852F /* [CP] Check Pods Manifest.lock */,
				1A244A1E24A4F7960091518D /* Sources */,
				1A244A1F24A4F7960091518D /* Frameworks */,
				1A244A2024A4F7960091518D /* Resources */,
				A568D78EE5909FCA55814405 /* [CP] Embed Pods Frameworks */,
			);
			buildRules = (
			);
			dependencies = (
			);
			name = Newstack;
			productName = Newstack;
			productReference = 1A244A2224A4F7960091518D /* Newstack.app */;
			productType = "com.apple.product-type.application";
		};
		1A244A3724A4F7970091518D /* NewstackTests */ = {
			isa = PBXNativeTarget;
			buildConfigurationList = 1A244A4F24A4F7970091518D /* Build configuration list for PBXNativeTarget "NewstackTests" */;
			buildPhases = (
				E4B65D2CE49713115FA3DE7A /* [CP] Check Pods Manifest.lock */,
				1A244A3424A4F7970091518D /* Sources */,
				1A244A3524A4F7970091518D /* Frameworks */,
				1A244A3624A4F7970091518D /* Resources */,
			);
			buildRules = (
			);
			dependencies = (
				1A244A3A24A4F7970091518D /* PBXTargetDependency */,
			);
			name = NewstackTests;
			productName = NewstackTests;
			productReference = 1A244A3824A4F7970091518D /* NewstackTests.xctest */;
			productType = "com.apple.product-type.bundle.unit-test";
		};
		1A244A4224A4F7970091518D /* NewstackUITests */ = {
			isa = PBXNativeTarget;
			buildConfigurationList = 1A244A5224A4F7970091518D /* Build configuration list for PBXNativeTarget "NewstackUITests" */;
			buildPhases = (
				F57E253B5C85FDB136C1F6CC /* [CP] Check Pods Manifest.lock */,
				1A244A3F24A4F7970091518D /* Sources */,
				1A244A4024A4F7970091518D /* Frameworks */,
				1A244A4124A4F7970091518D /* Resources */,
				13BB2F81F002FE97FD995E81 /* [CP] Embed Pods Frameworks */,
			);
			buildRules = (
			);
			dependencies = (
				1A244A4524A4F7970091518D /* PBXTargetDependency */,
			);
			name = NewstackUITests;
			productName = NewstackUITests;
			productReference = 1A244A4324A4F7970091518D /* NewstackUITests.xctest */;
			productType = "com.apple.product-type.bundle.ui-testing";
		};
/* End PBXNativeTarget section */

/* Begin PBXProject section */
		1A244A1A24A4F7960091518D /* Project object */ = {
			isa = PBXProject;
			attributes = {
				LastSwiftUpdateCheck = 1200;
				LastUpgradeCheck = 1200;
				TargetAttributes = {
					1A244A2124A4F7960091518D = {
						CreatedOnToolsVersion = 12.0;
					};
					1A244A3724A4F7970091518D = {
						CreatedOnToolsVersion = 12.0;
						TestTargetID = 1A244A2124A4F7960091518D;
					};
					1A244A4224A4F7970091518D = {
						CreatedOnToolsVersion = 12.0;
						TestTargetID = 1A244A2124A4F7960091518D;
					};
				};
			};
			buildConfigurationList = 1A244A1D24A4F7960091518D /* Build configuration list for PBXProject "Newstack" */;
			compatibilityVersion = "Xcode 9.3";
			developmentRegion = en;
			hasScannedForEncodings = 0;
			knownRegions = (
				en,
				Base,
			);
			mainGroup = 1A244A1924A4F7960091518D;
			productRefGroup = 1A244A2324A4F7960091518D /* Products */;
			projectDirPath = "";
			projectRoot = "";
			targets = (
				1A244A2124A4F7960091518D /* Newstack */,
				1A244A3724A4F7970091518D /* NewstackTests */,
				1A244A4224A4F7970091518D /* NewstackUITests */,
			);
		};
/* End PBXProject section */

/* Begin PBXResourcesBuildPhase section */
		1A244A2024A4F7960091518D /* Resources */ = {
			isa = PBXResourcesBuildPhase;
			buildActionMask = 2147483647;
			files = (
				1A244A3224A4F7970091518D /* LaunchScreen.storyboard in Resources */,
				1A244A2F24A4F7970091518D /* Assets.xcassets in Resources */,
				1A29EBD324E890B1002D3CB3 /* GoogleService-Info.plist in Resources */,
			);
			runOnlyForDeploymentPostprocessing = 0;
		};
		1A244A3624A4F7970091518D /* Resources */ = {
			isa = PBXResourcesBuildPhase;
			buildActionMask = 2147483647;
			files = (
			);
			runOnlyForDeploymentPostprocessing = 0;
		};
		1A244A4124A4F7970091518D /* Resources */ = {
			isa = PBXResourcesBuildPhase;
			buildActionMask = 2147483647;
			files = (
			);
			runOnlyForDeploymentPostprocessing = 0;
		};
/* End PBXResourcesBuildPhase section */

/* Begin PBXShellScriptBuildPhase section */
		13BB2F81F002FE97FD995E81 /* [CP] Embed Pods Frameworks */ = {
			isa = PBXShellScriptBuildPhase;
			buildActionMask = 2147483647;
			files = (
			);
			inputFileListPaths = (
				"${PODS_ROOT}/Target Support Files/Pods-Newstack-NewstackUITests/Pods-Newstack-NewstackUITests-frameworks-${CONFIGURATION}-input-files.xcfilelist",
			);
			name = "[CP] Embed Pods Frameworks";
			outputFileListPaths = (
				"${PODS_ROOT}/Target Support Files/Pods-Newstack-NewstackUITests/Pods-Newstack-NewstackUITests-frameworks-${CONFIGURATION}-output-files.xcfilelist",
			);
			runOnlyForDeploymentPostprocessing = 0;
			shellPath = /bin/sh;
			shellScript = "\"${PODS_ROOT}/Target Support Files/Pods-Newstack-NewstackUITests/Pods-Newstack-NewstackUITests-frameworks.sh\"\n";
			showEnvVarsInLog = 0;
		};
		A4255C76BCD0C737A121852F /* [CP] Check Pods Manifest.lock */ = {
			isa = PBXShellScriptBuildPhase;
			buildActionMask = 2147483647;
			files = (
			);
			inputFileListPaths = (
			);
			inputPaths = (
				"${PODS_PODFILE_DIR_PATH}/Podfile.lock",
				"${PODS_ROOT}/Manifest.lock",
			);
			name = "[CP] Check Pods Manifest.lock";
			outputFileListPaths = (
			);
			outputPaths = (
				"$(DERIVED_FILE_DIR)/Pods-Newstack-checkManifestLockResult.txt",
			);
			runOnlyForDeploymentPostprocessing = 0;
			shellPath = /bin/sh;
			shellScript = "diff \"${PODS_PODFILE_DIR_PATH}/Podfile.lock\" \"${PODS_ROOT}/Manifest.lock\" > /dev/null\nif [ $? != 0 ] ; then\n    # print error to STDERR\n    echo \"error: The sandbox is not in sync with the Podfile.lock. Run 'pod install' or update your CocoaPods installation.\" >&2\n    exit 1\nfi\n# This output is used by Xcode 'outputs' to avoid re-running this script phase.\necho \"SUCCESS\" > \"${SCRIPT_OUTPUT_FILE_0}\"\n";
			showEnvVarsInLog = 0;
		};
		A568D78EE5909FCA55814405 /* [CP] Embed Pods Frameworks */ = {
			isa = PBXShellScriptBuildPhase;
			buildActionMask = 2147483647;
			files = (
			);
			inputFileListPaths = (
				"${PODS_ROOT}/Target Support Files/Pods-Newstack/Pods-Newstack-frameworks-${CONFIGURATION}-input-files.xcfilelist",
			);
			name = "[CP] Embed Pods Frameworks";
			outputFileListPaths = (
				"${PODS_ROOT}/Target Support Files/Pods-Newstack/Pods-Newstack-frameworks-${CONFIGURATION}-output-files.xcfilelist",
			);
			runOnlyForDeploymentPostprocessing = 0;
			shellPath = /bin/sh;
			shellScript = "\"${PODS_ROOT}/Target Support Files/Pods-Newstack/Pods-Newstack-frameworks.sh\"\n";
			showEnvVarsInLog = 0;
		};
		E4B65D2CE49713115FA3DE7A /* [CP] Check Pods Manifest.lock */ = {
			isa = PBXShellScriptBuildPhase;
			buildActionMask = 2147483647;
			files = (
			);
			inputFileListPaths = (
			);
			inputPaths = (
				"${PODS_PODFILE_DIR_PATH}/Podfile.lock",
				"${PODS_ROOT}/Manifest.lock",
			);
			name = "[CP] Check Pods Manifest.lock";
			outputFileListPaths = (
			);
			outputPaths = (
				"$(DERIVED_FILE_DIR)/Pods-NewstackTests-checkManifestLockResult.txt",
			);
			runOnlyForDeploymentPostprocessing = 0;
			shellPath = /bin/sh;
			shellScript = "diff \"${PODS_PODFILE_DIR_PATH}/Podfile.lock\" \"${PODS_ROOT}/Manifest.lock\" > /dev/null\nif [ $? != 0 ] ; then\n    # print error to STDERR\n    echo \"error: The sandbox is not in sync with the Podfile.lock. Run 'pod install' or update your CocoaPods installation.\" >&2\n    exit 1\nfi\n# This output is used by Xcode 'outputs' to avoid re-running this script phase.\necho \"SUCCESS\" > \"${SCRIPT_OUTPUT_FILE_0}\"\n";
			showEnvVarsInLog = 0;
		};
		F57E253B5C85FDB136C1F6CC /* [CP] Check Pods Manifest.lock */ = {
			isa = PBXShellScriptBuildPhase;
			buildActionMask = 2147483647;
			files = (
			);
			inputFileListPaths = (
			);
			inputPaths = (
				"${PODS_PODFILE_DIR_PATH}/Podfile.lock",
				"${PODS_ROOT}/Manifest.lock",
			);
			name = "[CP] Check Pods Manifest.lock";
			outputFileListPaths = (
			);
			outputPaths = (
				"$(DERIVED_FILE_DIR)/Pods-Newstack-NewstackUITests-checkManifestLockResult.txt",
			);
			runOnlyForDeploymentPostprocessing = 0;
			shellPath = /bin/sh;
			shellScript = "diff \"${PODS_PODFILE_DIR_PATH}/Podfile.lock\" \"${PODS_ROOT}/Manifest.lock\" > /dev/null\nif [ $? != 0 ] ; then\n    # print error to STDERR\n    echo \"error: The sandbox is not in sync with the Podfile.lock. Run 'pod install' or update your CocoaPods installation.\" >&2\n    exit 1\nfi\n# This output is used by Xcode 'outputs' to avoid re-running this script phase.\necho \"SUCCESS\" > \"${SCRIPT_OUTPUT_FILE_0}\"\n";
			showEnvVarsInLog = 0;
		};
/* End PBXShellScriptBuildPhase section */

/* Begin PBXSourcesBuildPhase section */
		1A244A1E24A4F7960091518D /* Sources */ = {
			isa = PBXSourcesBuildPhase;
			buildActionMask = 2147483647;
			files = (
				1A865F6C24B379AC004B547C /* Article.swift in Sources */,
				1A64E6D324C5430900DF2B97 /* Extensions.swift in Sources */,
				1A5AC9D324A506A50030A43A /* UILabel+Style.swift in Sources */,
				5DD729D024CCBF800012FBDA /* LoginViewController.swift in Sources */,
				1A29EBD524E890ED002D3CB3 /* SignUpViewController.swift in Sources */,
				1A244A5E24A4F8AA0091518D /* BookmarkViewController.swift in Sources */,
				1A6EE32624C7F64A006E01AB /* Shiftable.swift in Sources */,
				1A244A2624A4F7960091518D /* AppDelegate.swift in Sources */,
				1A5337BE24C8BE7200EEF1A5 /* Alert.swift in Sources */,
				1A020E0A24E5CAA30091AE2D /* BookmarkCollectionViewCell.swift in Sources */,
				1A5AC9D824A507190030A43A /* UIButton+Style.swift in Sources */,
				1A8E44D124B2E0DF003A949B /* NetworkingManager.swift in Sources */,
				1A9AC9CF24C80C12005583FB /* TabbarViewController.swift in Sources */,
				1A5337C124C9523000EEF1A5 /* User.swift in Sources */,
				1AED395A24C6B6B6004859A9 /* OnboardingViewController.swift in Sources */,
				1A3708F624BAB6BD0047419B /* EverythingCollectionViewCell.swift in Sources */,
				1ADC857124BAC52B008251C2 /* UIStackView+Style.swift in Sources */,
				1A244A2824A4F7960091518D /* SceneDelegate.swift in Sources */,
				1A3708F924BAB7A60047419B /* SearchViewController.swift in Sources */,
				1A244A6124A4F8C00091518D /* SettingsViewController.swift in Sources */,
				1A1CD04224C417AB0012D13F /* Sources.swift in Sources */,
				1A2E0D6B24C00F0300212BF1 /* SearchResultTableViewCell.swift in Sources */,
				1A5AC9CB24A505E30030A43A /* HeadlineCollectionViewCell.swift in Sources */,
				1A244A5A24A4F8800091518D /* HomeViewController.swift in Sources */,
				1A5AC9D624A506EA0030A43A /* ArticleDetailViewController.swift in Sources */,
			);
			runOnlyForDeploymentPostprocessing = 0;
		};
		1A244A3424A4F7970091518D /* Sources */ = {
			isa = PBXSourcesBuildPhase;
			buildActionMask = 2147483647;
			files = (
				1A244A3D24A4F7970091518D /* NewstackTests.swift in Sources */,
			);
			runOnlyForDeploymentPostprocessing = 0;
		};
		1A244A3F24A4F7970091518D /* Sources */ = {
			isa = PBXSourcesBuildPhase;
			buildActionMask = 2147483647;
			files = (
				1A244A4824A4F7970091518D /* NewstackUITests.swift in Sources */,
			);
			runOnlyForDeploymentPostprocessing = 0;
		};
/* End PBXSourcesBuildPhase section */

/* Begin PBXTargetDependency section */
		1A244A3A24A4F7970091518D /* PBXTargetDependency */ = {
			isa = PBXTargetDependency;
			target = 1A244A2124A4F7960091518D /* Newstack */;
			targetProxy = 1A244A3924A4F7970091518D /* PBXContainerItemProxy */;
		};
		1A244A4524A4F7970091518D /* PBXTargetDependency */ = {
			isa = PBXTargetDependency;
			target = 1A244A2124A4F7960091518D /* Newstack */;
			targetProxy = 1A244A4424A4F7970091518D /* PBXContainerItemProxy */;
		};
/* End PBXTargetDependency section */

/* Begin PBXVariantGroup section */
		1A244A3024A4F7970091518D /* LaunchScreen.storyboard */ = {
			isa = PBXVariantGroup;
			children = (
				1A244A3124A4F7970091518D /* Base */,
			);
			name = LaunchScreen.storyboard;
			sourceTree = "<group>";
		};
/* End PBXVariantGroup section */

/* Begin XCBuildConfiguration section */
		1A244A4A24A4F7970091518D /* Debug */ = {
			isa = XCBuildConfiguration;
			buildSettings = {
				ALWAYS_SEARCH_USER_PATHS = NO;
				CLANG_ANALYZER_NONNULL = YES;
				CLANG_ANALYZER_NUMBER_OBJECT_CONVERSION = YES_AGGRESSIVE;
				CLANG_CXX_LANGUAGE_STANDARD = "gnu++14";
				CLANG_CXX_LIBRARY = "libc++";
				CLANG_ENABLE_MODULES = YES;
				CLANG_ENABLE_OBJC_ARC = YES;
				CLANG_ENABLE_OBJC_WEAK = YES;
				CLANG_WARN_BLOCK_CAPTURE_AUTORELEASING = YES;
				CLANG_WARN_BOOL_CONVERSION = YES;
				CLANG_WARN_COMMA = YES;
				CLANG_WARN_CONSTANT_CONVERSION = YES;
				CLANG_WARN_DEPRECATED_OBJC_IMPLEMENTATIONS = YES;
				CLANG_WARN_DIRECT_OBJC_ISA_USAGE = YES_ERROR;
				CLANG_WARN_DOCUMENTATION_COMMENTS = YES;
				CLANG_WARN_EMPTY_BODY = YES;
				CLANG_WARN_ENUM_CONVERSION = YES;
				CLANG_WARN_INFINITE_RECURSION = YES;
				CLANG_WARN_INT_CONVERSION = YES;
				CLANG_WARN_NON_LITERAL_NULL_CONVERSION = YES;
				CLANG_WARN_OBJC_IMPLICIT_RETAIN_SELF = YES;
				CLANG_WARN_OBJC_LITERAL_CONVERSION = YES;
				CLANG_WARN_OBJC_ROOT_CLASS = YES_ERROR;
				CLANG_WARN_QUOTED_INCLUDE_IN_FRAMEWORK_HEADER = YES;
				CLANG_WARN_RANGE_LOOP_ANALYSIS = YES;
				CLANG_WARN_STRICT_PROTOTYPES = YES;
				CLANG_WARN_SUSPICIOUS_MOVE = YES;
				CLANG_WARN_UNGUARDED_AVAILABILITY = YES_AGGRESSIVE;
				CLANG_WARN_UNREACHABLE_CODE = YES;
				CLANG_WARN__DUPLICATE_METHOD_MATCH = YES;
				COPY_PHASE_STRIP = NO;
				DEBUG_INFORMATION_FORMAT = dwarf;
				ENABLE_STRICT_OBJC_MSGSEND = YES;
				ENABLE_TESTABILITY = YES;
				GCC_C_LANGUAGE_STANDARD = gnu11;
				GCC_DYNAMIC_NO_PIC = NO;
				GCC_NO_COMMON_BLOCKS = YES;
				GCC_OPTIMIZATION_LEVEL = 0;
				GCC_PREPROCESSOR_DEFINITIONS = (
					"DEBUG=1",
					"$(inherited)",
				);
				GCC_WARN_64_TO_32_BIT_CONVERSION = YES;
				GCC_WARN_ABOUT_RETURN_TYPE = YES_ERROR;
				GCC_WARN_UNDECLARED_SELECTOR = YES;
				GCC_WARN_UNINITIALIZED_AUTOS = YES_AGGRESSIVE;
				GCC_WARN_UNUSED_FUNCTION = YES;
				GCC_WARN_UNUSED_VARIABLE = YES;
				IPHONEOS_DEPLOYMENT_TARGET = 14.0;
				MTL_ENABLE_DEBUG_INFO = INCLUDE_SOURCE;
				MTL_FAST_MATH = YES;
				ONLY_ACTIVE_ARCH = YES;
				SDKROOT = iphoneos;
				SWIFT_ACTIVE_COMPILATION_CONDITIONS = DEBUG;
				SWIFT_OPTIMIZATION_LEVEL = "-Onone";
			};
			name = Debug;
		};
		1A244A4B24A4F7970091518D /* Release */ = {
			isa = XCBuildConfiguration;
			buildSettings = {
				ALWAYS_SEARCH_USER_PATHS = NO;
				CLANG_ANALYZER_NONNULL = YES;
				CLANG_ANALYZER_NUMBER_OBJECT_CONVERSION = YES_AGGRESSIVE;
				CLANG_CXX_LANGUAGE_STANDARD = "gnu++14";
				CLANG_CXX_LIBRARY = "libc++";
				CLANG_ENABLE_MODULES = YES;
				CLANG_ENABLE_OBJC_ARC = YES;
				CLANG_ENABLE_OBJC_WEAK = YES;
				CLANG_WARN_BLOCK_CAPTURE_AUTORELEASING = YES;
				CLANG_WARN_BOOL_CONVERSION = YES;
				CLANG_WARN_COMMA = YES;
				CLANG_WARN_CONSTANT_CONVERSION = YES;
				CLANG_WARN_DEPRECATED_OBJC_IMPLEMENTATIONS = YES;
				CLANG_WARN_DIRECT_OBJC_ISA_USAGE = YES_ERROR;
				CLANG_WARN_DOCUMENTATION_COMMENTS = YES;
				CLANG_WARN_EMPTY_BODY = YES;
				CLANG_WARN_ENUM_CONVERSION = YES;
				CLANG_WARN_INFINITE_RECURSION = YES;
				CLANG_WARN_INT_CONVERSION = YES;
				CLANG_WARN_NON_LITERAL_NULL_CONVERSION = YES;
				CLANG_WARN_OBJC_IMPLICIT_RETAIN_SELF = YES;
				CLANG_WARN_OBJC_LITERAL_CONVERSION = YES;
				CLANG_WARN_OBJC_ROOT_CLASS = YES_ERROR;
				CLANG_WARN_QUOTED_INCLUDE_IN_FRAMEWORK_HEADER = YES;
				CLANG_WARN_RANGE_LOOP_ANALYSIS = YES;
				CLANG_WARN_STRICT_PROTOTYPES = YES;
				CLANG_WARN_SUSPICIOUS_MOVE = YES;
				CLANG_WARN_UNGUARDED_AVAILABILITY = YES_AGGRESSIVE;
				CLANG_WARN_UNREACHABLE_CODE = YES;
				CLANG_WARN__DUPLICATE_METHOD_MATCH = YES;
				COPY_PHASE_STRIP = NO;
				DEBUG_INFORMATION_FORMAT = "dwarf-with-dsym";
				ENABLE_NS_ASSERTIONS = NO;
				ENABLE_STRICT_OBJC_MSGSEND = YES;
				GCC_C_LANGUAGE_STANDARD = gnu11;
				GCC_NO_COMMON_BLOCKS = YES;
				GCC_WARN_64_TO_32_BIT_CONVERSION = YES;
				GCC_WARN_ABOUT_RETURN_TYPE = YES_ERROR;
				GCC_WARN_UNDECLARED_SELECTOR = YES;
				GCC_WARN_UNINITIALIZED_AUTOS = YES_AGGRESSIVE;
				GCC_WARN_UNUSED_FUNCTION = YES;
				GCC_WARN_UNUSED_VARIABLE = YES;
				IPHONEOS_DEPLOYMENT_TARGET = 14.0;
				MTL_ENABLE_DEBUG_INFO = NO;
				MTL_FAST_MATH = YES;
				SDKROOT = iphoneos;
				SWIFT_COMPILATION_MODE = wholemodule;
				SWIFT_OPTIMIZATION_LEVEL = "-O";
				VALIDATE_PRODUCT = YES;
			};
			name = Release;
		};
		1A244A4D24A4F7970091518D /* Debug */ = {
			isa = XCBuildConfiguration;
			baseConfigurationReference = 6DF89812A02993636D242863 /* Pods-Newstack.debug.xcconfig */;
			buildSettings = {
				ASSETCATALOG_COMPILER_APPICON_NAME = AppIcon;
				ASSETCATALOG_COMPILER_GLOBAL_ACCENT_COLOR_NAME = AccentColor;
				CODE_SIGN_ENTITLEMENTS = Newstack/Newstack.entitlements;
				CODE_SIGN_IDENTITY = "Apple Development";
				CODE_SIGN_STYLE = Automatic;
				DEVELOPMENT_TEAM = 7G4A2JWWKQ;
				INFOPLIST_FILE = "$(SRCROOT)/Newstack/Resources/Info.plist";
				IPHONEOS_DEPLOYMENT_TARGET = 13.5;
				LD_RUNPATH_SEARCH_PATHS = (
					"$(inherited)",
					"@executable_path/Frameworks",
				);
				MARKETING_VERSION = 1.0.4;
				PRODUCT_BUNDLE_IDENTIFIER = com.AaronCleveland.StackNews;
				PRODUCT_NAME = "$(TARGET_NAME)";
				PROVISIONING_PROFILE_SPECIFIER = "";
				SWIFT_VERSION = 5.0;
				TARGETED_DEVICE_FAMILY = 1;
			};
			name = Debug;
		};
		1A244A4E24A4F7970091518D /* Release */ = {
			isa = XCBuildConfiguration;
			baseConfigurationReference = 011D0094905E39175E525016 /* Pods-Newstack.release.xcconfig */;
			buildSettings = {
				ASSETCATALOG_COMPILER_APPICON_NAME = AppIcon;
				ASSETCATALOG_COMPILER_GLOBAL_ACCENT_COLOR_NAME = AccentColor;
				CODE_SIGN_ENTITLEMENTS = Newstack/Newstack.entitlements;
				CODE_SIGN_IDENTITY = "Apple Development";
				CODE_SIGN_STYLE = Automatic;
				DEVELOPMENT_TEAM = 7G4A2JWWKQ;
				INFOPLIST_FILE = "$(SRCROOT)/Newstack/Resources/Info.plist";
				IPHONEOS_DEPLOYMENT_TARGET = 13.5;
				LD_RUNPATH_SEARCH_PATHS = (
					"$(inherited)",
					"@executable_path/Frameworks",
				);
				MARKETING_VERSION = 1.0.4;
				PRODUCT_BUNDLE_IDENTIFIER = com.AaronCleveland.StackNews;
				PRODUCT_NAME = "$(TARGET_NAME)";
				PROVISIONING_PROFILE_SPECIFIER = "";
				SWIFT_VERSION = 5.0;
				TARGETED_DEVICE_FAMILY = 1;
			};
			name = Release;
		};
		1A244A5024A4F7970091518D /* Debug */ = {
			isa = XCBuildConfiguration;
			baseConfigurationReference = A11AA546E893D23F8B255750 /* Pods-NewstackTests.debug.xcconfig */;
			buildSettings = {
				ALWAYS_EMBED_SWIFT_STANDARD_LIBRARIES = YES;
				BUNDLE_LOADER = "$(TEST_HOST)";
				CODE_SIGN_STYLE = Automatic;
				DEVELOPMENT_TEAM = 7G4A2JWWKQ;
				INFOPLIST_FILE = NewstackTests/Info.plist;
				IPHONEOS_DEPLOYMENT_TARGET = 13.2;
				LD_RUNPATH_SEARCH_PATHS = (
					"$(inherited)",
					"@executable_path/Frameworks",
					"@loader_path/Frameworks",
				);
				PRODUCT_BUNDLE_IDENTIFIER = com.AaronClevleand.NewstackTests;
				PRODUCT_NAME = "$(TARGET_NAME)";
				SWIFT_VERSION = 5.0;
				TARGETED_DEVICE_FAMILY = "1,2";
				TEST_HOST = "$(BUILT_PRODUCTS_DIR)/Newstack.app/Newstack";
			};
			name = Debug;
		};
		1A244A5124A4F7970091518D /* Release */ = {
			isa = XCBuildConfiguration;
			baseConfigurationReference = 04D2BCC3D11055254B530B0C /* Pods-NewstackTests.release.xcconfig */;
			buildSettings = {
				ALWAYS_EMBED_SWIFT_STANDARD_LIBRARIES = YES;
				BUNDLE_LOADER = "$(TEST_HOST)";
				CODE_SIGN_STYLE = Automatic;
				DEVELOPMENT_TEAM = 7G4A2JWWKQ;
				INFOPLIST_FILE = NewstackTests/Info.plist;
				IPHONEOS_DEPLOYMENT_TARGET = 13.2;
				LD_RUNPATH_SEARCH_PATHS = (
					"$(inherited)",
					"@executable_path/Frameworks",
					"@loader_path/Frameworks",
				);
				PRODUCT_BUNDLE_IDENTIFIER = com.AaronClevleand.NewstackTests;
				PRODUCT_NAME = "$(TARGET_NAME)";
				SWIFT_VERSION = 5.0;
				TARGETED_DEVICE_FAMILY = "1,2";
				TEST_HOST = "$(BUILT_PRODUCTS_DIR)/Newstack.app/Newstack";
			};
			name = Release;
		};
		1A244A5324A4F7970091518D /* Debug */ = {
			isa = XCBuildConfiguration;
			baseConfigurationReference = 969F2FB80FCB85F081E90A63 /* Pods-Newstack-NewstackUITests.debug.xcconfig */;
			buildSettings = {
				ALWAYS_EMBED_SWIFT_STANDARD_LIBRARIES = YES;
				CODE_SIGN_STYLE = Automatic;
				DEVELOPMENT_TEAM = 7G4A2JWWKQ;
				INFOPLIST_FILE = NewstackUITests/Info.plist;
				IPHONEOS_DEPLOYMENT_TARGET = 13.2;
				LD_RUNPATH_SEARCH_PATHS = (
					"$(inherited)",
					"@executable_path/Frameworks",
					"@loader_path/Frameworks",
				);
				PRODUCT_BUNDLE_IDENTIFIER = com.AaronClevleand.NewstackUITests;
				PRODUCT_NAME = "$(TARGET_NAME)";
				SWIFT_VERSION = 5.0;
				TARGETED_DEVICE_FAMILY = "1,2";
				TEST_TARGET_NAME = Newstack;
			};
			name = Debug;
		};
		1A244A5424A4F7970091518D /* Release */ = {
			isa = XCBuildConfiguration;
			baseConfigurationReference = FC270CB902C5C0AD4926FC8E /* Pods-Newstack-NewstackUITests.release.xcconfig */;
			buildSettings = {
				ALWAYS_EMBED_SWIFT_STANDARD_LIBRARIES = YES;
				CODE_SIGN_STYLE = Automatic;
				DEVELOPMENT_TEAM = 7G4A2JWWKQ;
				INFOPLIST_FILE = NewstackUITests/Info.plist;
				IPHONEOS_DEPLOYMENT_TARGET = 13.2;
				LD_RUNPATH_SEARCH_PATHS = (
					"$(inherited)",
					"@executable_path/Frameworks",
					"@loader_path/Frameworks",
				);
				PRODUCT_BUNDLE_IDENTIFIER = com.AaronClevleand.NewstackUITests;
				PRODUCT_NAME = "$(TARGET_NAME)";
				SWIFT_VERSION = 5.0;
				TARGETED_DEVICE_FAMILY = "1,2";
				TEST_TARGET_NAME = Newstack;
			};
			name = Release;
		};
/* End XCBuildConfiguration section */

/* Begin XCConfigurationList section */
		1A244A1D24A4F7960091518D /* Build configuration list for PBXProject "Newstack" */ = {
			isa = XCConfigurationList;
			buildConfigurations = (
				1A244A4A24A4F7970091518D /* Debug */,
				1A244A4B24A4F7970091518D /* Release */,
			);
			defaultConfigurationIsVisible = 0;
			defaultConfigurationName = Release;
		};
		1A244A4C24A4F7970091518D /* Build configuration list for PBXNativeTarget "Newstack" */ = {
			isa = XCConfigurationList;
			buildConfigurations = (
				1A244A4D24A4F7970091518D /* Debug */,
				1A244A4E24A4F7970091518D /* Release */,
			);
			defaultConfigurationIsVisible = 0;
			defaultConfigurationName = Release;
		};
		1A244A4F24A4F7970091518D /* Build configuration list for PBXNativeTarget "NewstackTests" */ = {
			isa = XCConfigurationList;
			buildConfigurations = (
				1A244A5024A4F7970091518D /* Debug */,
				1A244A5124A4F7970091518D /* Release */,
			);
			defaultConfigurationIsVisible = 0;
			defaultConfigurationName = Release;
		};
		1A244A5224A4F7970091518D /* Build configuration list for PBXNativeTarget "NewstackUITests" */ = {
			isa = XCConfigurationList;
			buildConfigurations = (
				1A244A5324A4F7970091518D /* Debug */,
				1A244A5424A4F7970091518D /* Release */,
			);
			defaultConfigurationIsVisible = 0;
			defaultConfigurationName = Release;
		};
/* End XCConfigurationList section */
	};
	rootObject = 1A244A1A24A4F7960091518D /* Project object */;
}
